file_extension: .prolock
exclude:
  - .exe
  - .dll
  - .lnk
  - .sys
  - '%SYSTEMDRIVE%\Windows'
  - '%SYSTEMDRIVE%\ProgramData'
filename:
  - C:\ProgramData\WinMgr.bmp
  - C:\ProgramDaa\WinMgr.xml
  - C:\ProgramData\run.bat
  - C:\ProgramData\clean.bat
  - C:\Windows\System32\Tasks\WinMgr
  - '[HOW TO RECOVER FILES].txt'
ip:
  - 185.212.128.8
registry_key:
  - HKU\.DEFAULT\SOFTWARE\Microsoft\Windows\CurrentVersion\Internet Settings\ZoneMap\UNCAsIntranet
  - HKU\.DEFAULT\SOFTWARE\Microsoft\Windows\CurrentVersion\Internet Settings\ZoneMap\AutoDetect
  - HKLM\SOFTWARE\Microsoft\Windows NT\CurrentVersion\Schedule\TaskCache\Tasks\{1738D1D9-01DA-41FC-B106-6F4DF75D08C9}\Path
  - HKLM\SOFTWARE\Microsoft\Windows NT\CurrentVersion\Schedule\TaskCache\Tasks\{1738D1D9-01DA-41FC-B106-6F4DF75D08C9}\Hash
  - HKLM\SOFTWARE\Microsoft\Windows NT\CurrentVersion\Schedule\TaskCache\Tree\WinMgr\Id
  - HKLM\SOFTWARE\Microsoft\Windows NT\CurrentVersion\Schedule\TaskCache\Tree\WinMgr\Index
web_request:
  - http://185.212.128.8/B/
ransom_note: WW91ciBmaWxlcyBoYXZlIGJlZW4gZW5jcnlwdGVkIGJ5IFByb0xvY2sgUmFuc29td2FyZSB1c2luZyBSU0EtMjA0OCBhbGdvcml0aG0uCgogICBbLjpOb3RoaW5nIHBlcnNvbmFsIGp1c3QgYnVzaW5lc3M6Ll0KCk5vIG9uZSBjYW4gaGVscCB5b3UgdG8gcmVzdG9yZSBmaWxlcyB3aXRob3V0IG91ciBzcGVjaWFsIGRlY3J5cHRpb24gdG9vbC4KClRvIGdldCB5b3VyIGZpbGVzIGJhY2sgeW91IGhhdmUgdG8gcGF5IHRoZSBkZWNyeXB0aW9uIGZlZSBpbiBCVEMuClRoZSBmaW5hbCBwcmljZSBkZXBlbmRzIG9uIGhvdyBmYXN0IHlvdSB3cml0ZSB0byB1cy4KCiAgIDEuIERvd25sb2FkIFRPUiBicm93c2VyOiBoeHhwczovL3d3dy50b3Jwcm9qZWN0Lm9yZy8KICAgMi4gSW5zdGFsbCB0aGUgVE9SIEJyb3dzZXIuCiAgIDMuIE9wZW4gdGhlIFRPUiBCcm93c2VyLgogICA0LiBPcGVuIG91ciB3ZWJzaXRlIGluIHRoZSBUT1IgYnJvd3NlcjogbXNhb3lyYXlvaG5wMzJ0Y2d3Y2FuaGpvdWV0YjVrNTRhZWtnbndnN2RjdnRndGVjcHVtcnhwcWQub25pb24KICAgNS4gTG9naW4gdXNpbmcgeW91ciBJRCAtCgogICAqKipJZiB5b3UgaGF2ZSBhbnkgcHJvYmxlbXMgY29ubmVjdGluZyBvciB1c2luZyBUT1IgbmV0d29yazoKICAgY29udGFjdCBvdXIgc3VwcG9ydCBieSBlbWFpbCBzdXBwb3J0OTgxNzIzNzIxQHByb3Rvbm1haWwuY29tCgogICBbWW91J2xsIHJlY2VpdmUgaW5zdHJ1Y3Rpb25zIGFuZCBwcmljZSBpbnNpZGVdCgpUaGUgZGVjcnlwdGlvbiBrZXlzIHdpbGwgYmUgc3RvcmVkIGZvciAxIG1vbnRoLgoKV2UgYWxzbyBoYXZlIGdhdGhlcmVkIHlvdXIgc2Vuc2l0aXZlIGRhdGEuCldlIHdvdWxkIHNoYXJlIGl0IGluIGNhc2UgeW91IHJlZnVzZSB0byBwYXkuCgpEZWNyeXB0aW9uIHVzaW5nIHRoaXJkIHBhcnR5IHNvZnR3YXJlIGlzIGltcG9zc2libGUuCkF0dGVtcHRzIHRvIHNlbGYtZGVjcnlwdGluZyBmaWxlcyB3aWxsIHJlc3VsdCBpbiB0aGUgbG9zcyBvZiB5b3VyIGRhdGEuCg==
